Microsoft Visual Studio Solution File, Format Version 11.00
# Visual Studio 2008

Project("{D3789783-E4BF-3DC8-B104-24E3BE49559B}") = "KADAPT", "Assembly-CSharp.csproj", "{F61D81F2-537B-C63F-5570-0EB9FF24AAC2}"
EndProject
Project("{D3789783-E4BF-3DC8-B104-24E3BE49559B}") = "KADAPT", "Assembly-CSharp-Editor.csproj", "{70CA744F-DBB8-B822-B36E-FFE3F46456BB}"
EndProject
Global
	GlobalSection(SolutionConfigurationPlatforms) = preSolution
		Debug|Any CPU = Debug|Any CPU
		Release|Any CPU = Release|Any CPU
	EndGlobalSection
	GlobalSection(ProjectConfigurationPlatforms) = postSolution
		{F61D81F2-537B-C63F-5570-0EB9FF24AAC2}.Debug|Any CPU.ActiveCfg = Debug|Any CPU
		{F61D81F2-537B-C63F-5570-0EB9FF24AAC2}.Debug|Any CPU.Build.0 = Debug|Any CPU
		{F61D81F2-537B-C63F-5570-0EB9FF24AAC2}.Release|Any CPU.ActiveCfg = Release|Any CPU
		{F61D81F2-537B-C63F-5570-0EB9FF24AAC2}.Release|Any CPU.Build.0 = Release|Any CPU
		{70CA744F-DBB8-B822-B36E-FFE3F46456BB}.Debug|Any CPU.ActiveCfg = Debug|Any CPU
		{70CA744F-DBB8-B822-B36E-FFE3F46456BB}.Debug|Any CPU.Build.0 = Debug|Any CPU
		{70CA744F-DBB8-B822-B36E-FFE3F46456BB}.Release|Any CPU.ActiveCfg = Release|Any CPU
		{70CA744F-DBB8-B822-B36E-FFE3F46456BB}.Release|Any CPU.Build.0 = Release|Any CPU
	EndGlobalSection
	GlobalSection(SolutionProperties) = preSolution
		HideSolutionNode = FALSE
	EndGlobalSection
	GlobalSection(MonoDevelopProperties) = preSolution
		StartupItem = Assembly-CSharp.csproj
	EndGlobalSection
EndGlobal
